
Microsoft Visual Studio Solution File, Format Version 11.00
# Visual Studio 2010
Project("{8BC9CEB8-8B4A-11D0-8D11-00A0C91BC942}") = "dropboxQt", "dropboxQt.vcxproj", "{5EF50B10-F5DC-34B0-8FA3-86E25AC2C0AC}"
EndProject
Project("{8BC9CEB8-8B4A-11D0-8D11-00A0C91BC942}") = "authorize", "..\examples\authorize\authorize.vcxproj", "{6439D7B5-3DA5-35BA-ABAB-B14FD0EC5800}"
EndProject
Project("{8BC9CEB8-8B4A-11D0-8D11-00A0C91BC942}") = "account-info", "..\examples\account-info\account-info.vcxproj", "{13AE549D-E520-3B98-9683-0428F0438CC1}"
EndProject
Project("{8BC9CEB8-8B4A-11D0-8D11-00A0C91BC942}") = "download", "..\examples\download\download.vcxproj", "{7B0B3762-5E2C-3DC7-82A2-C1C74547F81E}"
EndProject
Project("{8BC9CEB8-8B4A-11D0-8D11-00A0C91BC942}") = "upload", "..\examples\upload\upload.vcxproj", "{EE936A8E-4880-332D-8FCD-AB107AAD99DE}"
EndProject
Project("{8BC9CEB8-8B4A-11D0-8D11-00A0C91BC942}") = "boxbash", "..\examples\boxbash\boxbash.vcxproj", "{0CF0C9A3-7B50-3727-87FA-2C107CF33C0A}"
EndProject
Global
	GlobalSection(SolutionConfigurationPlatforms) = preSolution
		Debug|Win32 = Debug|Win32
		Release|Win32 = Release|Win32
	EndGlobalSection
	GlobalSection(ProjectConfigurationPlatforms) = postSolution
		{5EF50B10-F5DC-34B0-8FA3-86E25AC2C0AC}.Debug|Win32.ActiveCfg = Debug|Win32
		{5EF50B10-F5DC-34B0-8FA3-86E25AC2C0AC}.Debug|Win32.Build.0 = Debug|Win32
		{5EF50B10-F5DC-34B0-8FA3-86E25AC2C0AC}.Release|Win32.ActiveCfg = Release|Win32
		{5EF50B10-F5DC-34B0-8FA3-86E25AC2C0AC}.Release|Win32.Build.0 = Release|Win32
		{6439D7B5-3DA5-35BA-ABAB-B14FD0EC5800}.Debug|Win32.ActiveCfg = Debug|Win32
		{6439D7B5-3DA5-35BA-ABAB-B14FD0EC5800}.Debug|Win32.Build.0 = Debug|Win32
		{6439D7B5-3DA5-35BA-ABAB-B14FD0EC5800}.Release|Win32.ActiveCfg = Release|Win32
		{6439D7B5-3DA5-35BA-ABAB-B14FD0EC5800}.Release|Win32.Build.0 = Release|Win32
		{13AE549D-E520-3B98-9683-0428F0438CC1}.Debug|Win32.ActiveCfg = Debug|Win32
		{13AE549D-E520-3B98-9683-0428F0438CC1}.Debug|Win32.Build.0 = Debug|Win32
		{13AE549D-E520-3B98-9683-0428F0438CC1}.Release|Win32.ActiveCfg = Release|Win32
		{13AE549D-E520-3B98-9683-0428F0438CC1}.Release|Win32.Build.0 = Release|Win32
		{7B0B3762-5E2C-3DC7-82A2-C1C74547F81E}.Debug|Win32.ActiveCfg = Debug|Win32
		{7B0B3762-5E2C-3DC7-82A2-C1C74547F81E}.Debug|Win32.Build.0 = Debug|Win32
		{7B0B3762-5E2C-3DC7-82A2-C1C74547F81E}.Release|Win32.ActiveCfg = Release|Win32
		{7B0B3762-5E2C-3DC7-82A2-C1C74547F81E}.Release|Win32.Build.0 = Release|Win32
		{EE936A8E-4880-332D-8FCD-AB107AAD99DE}.Debug|Win32.ActiveCfg = Debug|Win32
		{EE936A8E-4880-332D-8FCD-AB107AAD99DE}.Debug|Win32.Build.0 = Debug|Win32
		{EE936A8E-4880-332D-8FCD-AB107AAD99DE}.Release|Win32.ActiveCfg = Release|Win32
		{EE936A8E-4880-332D-8FCD-AB107AAD99DE}.Release|Win32.Build.0 = Release|Win32
		{0CF0C9A3-7B50-3727-87FA-2C107CF33C0A}.Debug|Win32.ActiveCfg = Debug|Win32
		{0CF0C9A3-7B50-3727-87FA-2C107CF33C0A}.Debug|Win32.Build.0 = Debug|Win32
		{0CF0C9A3-7B50-3727-87FA-2C107CF33C0A}.Release|Win32.ActiveCfg = Release|Win32
		{0CF0C9A3-7B50-3727-87FA-2C107CF33C0A}.Release|Win32.Build.0 = Release|Win32
	EndGlobalSection
	GlobalSection(SolutionProperties) = preSolution
		HideSolutionNode = FALSE
	EndGlobalSection
EndGlobal
